
Microsoft Visual Studio Solution File, Format Version 12.00
VisualStudioVersion = 17.0.31903.59
MinimumVisualStudioVersion = 10.0.40219.1
Project("{2150E333-8FDC-42A3-9474-1A3956D46DE8}") = "src", "src", "{827E0CD3-B72D-47B6-A68D-7590B98EB39B}"
EndProject
Project("{FAE04EC0-301F-11D3-BF4B-00C04F79EFBC}") = "OnlineStore.DAL", "src\OnlineStore.DAL\OnlineStore.DAL.csproj", "{7D12F16B-1244-4CFC-B71B-5E50BA832FFD}"
EndProject
Project("{FAE04EC0-301F-11D3-BF4B-00C04F79EFBC}") = "OnlineStore.BLL", "src\OnlineStore.BLL\OnlineStore.BLL.csproj", "{4304067C-9A70-48A7-B258-8F7059BBDA7B}"
EndProject
Project("{FAE04EC0-301F-11D3-BF4B-00C04F79EFBC}") = "OnlineStore.API", "src\OnlineStore.API\OnlineStore.API.csproj", "{E8EE79F8-2289-468A-BB61-02E2EBF34A32}"
EndProject
Project("{2150E333-8FDC-42A3-9474-1A3956D46DE8}") = "labs", "labs", "{908A2AE8-7277-8D33-5900-B70622523C2F}"
EndProject
Project("{FAE04EC0-301F-11D3-BF4B-00C04F79EFBC}") = "Lab2.Interfaces", "labs\Lab2.Interfaces\Lab2.Interfaces.csproj", "{7E2530A9-5D51-4033-AA45-C66FDD5B676D}"
EndProject
Project("{FAE04EC0-301F-11D3-BF4B-00C04F79EFBC}") = "Lab2.Repository", "labs\Lab2.Repository\Lab2.Repository.csproj", "{A4F9FBCE-4C9C-4D34-B177-8BF4F77D9F8F}"
EndProject
Global
	GlobalSection(SolutionConfigurationPlatforms) = preSolution
		Debug|Any CPU = Debug|Any CPU
		Debug|x64 = Debug|x64
		Debug|x86 = Debug|x86
		Release|Any CPU = Release|Any CPU
		Release|x64 = Release|x64
		Release|x86 = Release|x86
	EndGlobalSection
	GlobalSection(ProjectConfigurationPlatforms) = postSolution
		{7D12F16B-1244-4CFC-B71B-5E50BA832FFD}.Debug|Any CPU.ActiveCfg = Debug|Any CPU
		{7D12F16B-1244-4CFC-B71B-5E50BA832FFD}.Debug|Any CPU.Build.0 = Debug|Any CPU
		{7D12F16B-1244-4CFC-B71B-5E50BA832FFD}.Debug|x64.ActiveCfg = Debug|Any CPU
		{7D12F16B-1244-4CFC-B71B-5E50BA832FFD}.Debug|x64.Build.0 = Debug|Any CPU
		{7D12F16B-1244-4CFC-B71B-5E50BA832FFD}.Debug|x86.ActiveCfg = Debug|Any CPU
		{7D12F16B-1244-4CFC-B71B-5E50BA832FFD}.Debug|x86.Build.0 = Debug|Any CPU
		{7D12F16B-1244-4CFC-B71B-5E50BA832FFD}.Release|Any CPU.ActiveCfg = Release|Any CPU
		{7D12F16B-1244-4CFC-B71B-5E50BA832FFD}.Release|Any CPU.Build.0 = Release|Any CPU
		{7D12F16B-1244-4CFC-B71B-5E50BA832FFD}.Release|x64.ActiveCfg = Release|Any CPU
		{7D12F16B-1244-4CFC-B71B-5E50BA832FFD}.Release|x64.Build.0 = Release|Any CPU
		{7D12F16B-1244-4CFC-B71B-5E50BA832FFD}.Release|x86.ActiveCfg = Release|Any CPU
		{7D12F16B-1244-4CFC-B71B-5E50BA832FFD}.Release|x86.Build.0 = Release|Any CPU
		{4304067C-9A70-48A7-B258-8F7059BBDA7B}.Debug|Any CPU.ActiveCfg = Debug|Any CPU
		{4304067C-9A70-48A7-B258-8F7059BBDA7B}.Debug|Any CPU.Build.0 = Debug|Any CPU
		{4304067C-9A70-48A7-B258-8F7059BBDA7B}.Debug|x64.ActiveCfg = Debug|Any CPU
		{4304067C-9A70-48A7-B258-8F7059BBDA7B}.Debug|x64.Build.0 = Debug|Any CPU
		{4304067C-9A70-48A7-B258-8F7059BBDA7B}.Debug|x86.ActiveCfg = Debug|Any CPU
		{4304067C-9A70-48A7-B258-8F7059BBDA7B}.Debug|x86.Build.0 = Debug|Any CPU
		{4304067C-9A70-48A7-B258-8F7059BBDA7B}.Release|Any CPU.ActiveCfg = Release|Any CPU
		{4304067C-9A70-48A7-B258-8F7059BBDA7B}.Release|Any CPU.Build.0 = Release|Any CPU
		{4304067C-9A70-48A7-B258-8F7059BBDA7B}.Release|x64.ActiveCfg = Release|Any CPU
		{4304067C-9A70-48A7-B258-8F7059BBDA7B}.Release|x64.Build.0 = Release|Any CPU
		{4304067C-9A70-48A7-B258-8F7059BBDA7B}.Release|x86.ActiveCfg = Release|Any CPU
		{4304067C-9A70-48A7-B258-8F7059BBDA7B}.Release|x86.Build.0 = Release|Any CPU
		{E8EE79F8-2289-468A-BB61-02E2EBF34A32}.Debug|Any CPU.ActiveCfg = Debug|Any CPU
		{E8EE79F8-2289-468A-BB61-02E2EBF34A32}.Debug|Any CPU.Build.0 = Debug|Any CPU
		{E8EE79F8-2289-468A-BB61-02E2EBF34A32}.Debug|x64.ActiveCfg = Debug|Any CPU
		{E8EE79F8-2289-468A-BB61-02E2EBF34A32}.Debug|x64.Build.0 = Debug|Any CPU
		{E8EE79F8-2289-468A-BB61-02E2EBF34A32}.Debug|x86.ActiveCfg = Debug|Any CPU
		{E8EE79F8-2289-468A-BB61-02E2EBF34A32}.Debug|x86.Build.0 = Debug|Any CPU
		{E8EE79F8-2289-468A-BB61-02E2EBF34A32}.Release|Any CPU.ActiveCfg = Release|Any CPU
		{E8EE79F8-2289-468A-BB61-02E2EBF34A32}.Release|Any CPU.Build.0 = Release|Any CPU
		{E8EE79F8-2289-468A-BB61-02E2EBF34A32}.Release|x64.ActiveCfg = Release|Any CPU
		{E8EE79F8-2289-468A-BB61-02E2EBF34A32}.Release|x64.Build.0 = Release|Any CPU
		{E8EE79F8-2289-468A-BB61-02E2EBF34A32}.Release|x86.ActiveCfg = Release|Any CPU
		{E8EE79F8-2289-468A-BB61-02E2EBF34A32}.Release|x86.Build.0 = Release|Any CPU
		{7E2530A9-5D51-4033-AA45-C66FDD5B676D}.Debug|Any CPU.ActiveCfg = Debug|Any CPU
		{7E2530A9-5D51-4033-AA45-C66FDD5B676D}.Debug|Any CPU.Build.0 = Debug|Any CPU
		{7E2530A9-5D51-4033-AA45-C66FDD5B676D}.Debug|x64.ActiveCfg = Debug|Any CPU
		{7E2530A9-5D51-4033-AA45-C66FDD5B676D}.Debug|x64.Build.0 = Debug|Any CPU
		{7E2530A9-5D51-4033-AA45-C66FDD5B676D}.Debug|x86.ActiveCfg = Debug|Any CPU
		{7E2530A9-5D51-4033-AA45-C66FDD5B676D}.Debug|x86.Build.0 = Debug|Any CPU
		{7E2530A9-5D51-4033-AA45-C66FDD5B676D}.Release|Any CPU.ActiveCfg = Release|Any CPU
		{7E2530A9-5D51-4033-AA45-C66FDD5B676D}.Release|Any CPU.Build.0 = Release|Any CPU
		{7E2530A9-5D51-4033-AA45-C66FDD5B676D}.Release|x64.ActiveCfg = Release|Any CPU
		{7E2530A9-5D51-4033-AA45-C66FDD5B676D}.Release|x64.Build.0 = Release|Any CPU
		{7E2530A9-5D51-4033-AA45-C66FDD5B676D}.Release|x86.ActiveCfg = Release|Any CPU
		{7E2530A9-5D51-4033-AA45-C66FDD5B676D}.Release|x86.Build.0 = Release|Any CPU
		{A4F9FBCE-4C9C-4D34-B177-8BF4F77D9F8F}.Debug|Any CPU.ActiveCfg = Debug|Any CPU
		{A4F9FBCE-4C9C-4D34-B177-8BF4F77D9F8F}.Debug|Any CPU.Build.0 = Debug|Any CPU
		{A4F9FBCE-4C9C-4D34-B177-8BF4F77D9F8F}.Debug|x64.ActiveCfg = Debug|Any CPU
		{A4F9FBCE-4C9C-4D34-B177-8BF4F77D9F8F}.Debug|x64.Build.0 = Debug|Any CPU
		{A4F9FBCE-4C9C-4D34-B177-8BF4F77D9F8F}.Debug|x86.ActiveCfg = Debug|Any CPU
		{A4F9FBCE-4C9C-4D34-B177-8BF4F77D9F8F}.Debug|x86.Build.0 = Debug|Any CPU
		{A4F9FBCE-4C9C-4D34-B177-8BF4F77D9F8F}.Release|Any CPU.ActiveCfg = Release|Any CPU
		{A4F9FBCE-4C9C-4D34-B177-8BF4F77D9F8F}.Release|Any CPU.Build.0 = Release|Any CPU
		{A4F9FBCE-4C9C-4D34-B177-8BF4F77D9F8F}.Release|x64.ActiveCfg = Release|Any CPU
		{A4F9FBCE-4C9C-4D34-B177-8BF4F77D9F8F}.Release|x64.Build.0 = Release|Any CPU
		{A4F9FBCE-4C9C-4D34-B177-8BF4F77D9F8F}.Release|x86.ActiveCfg = Release|Any CPU
		{A4F9FBCE-4C9C-4D34-B177-8BF4F77D9F8F}.Release|x86.Build.0 = Release|Any CPU
	EndGlobalSection
	GlobalSection(SolutionProperties) = preSolution
		HideSolutionNode = FALSE
	EndGlobalSection
	GlobalSection(NestedProjects) = preSolution
		{7D12F16B-1244-4CFC-B71B-5E50BA832FFD} = {827E0CD3-B72D-47B6-A68D-7590B98EB39B}
		{4304067C-9A70-48A7-B258-8F7059BBDA7B} = {827E0CD3-B72D-47B6-A68D-7590B98EB39B}
		{E8EE79F8-2289-468A-BB61-02E2EBF34A32} = {827E0CD3-B72D-47B6-A68D-7590B98EB39B}
		{7E2530A9-5D51-4033-AA45-C66FDD5B676D} = {908A2AE8-7277-8D33-5900-B70622523C2F}
		{A4F9FBCE-4C9C-4D34-B177-8BF4F77D9F8F} = {908A2AE8-7277-8D33-5900-B70622523C2F}
	EndGlobalSection
EndGlobal
